// !$*UTF8*$!
{
	archiveVersion = 1;
	classes = {
	};
	objectVersion = 55;
	objects = {

/* Begin PBXBuildFile section */
		0B718D59BF2369E2B958951D /* Pods_BFit.framework in Frameworks */ = {isa = PBXBuildFile; fileRef = CEA92050C8DACEB3A8BDED1E /* Pods_BFit.framework */; };
		5B145CBD2892FC70001A6F4B /* ExerciseInfoAPI.swift in Sources */ = {isa = PBXBuildFile; fileRef = 5B145CBC2892FC70001A6F4B /* ExerciseInfoAPI.swift */; };
		5B145CBF2892FC82001A6F4B /* ExerciseInfoNetworking.swift in Sources */ = {isa = PBXBuildFile; fileRef = 5B145CBE2892FC82001A6F4B /* ExerciseInfoNetworking.swift */; };
		5B145CC12892FD32001A6F4B /* ExerciseInfoResponse.swift in Sources */ = {isa = PBXBuildFile; fileRef = 5B145CC02892FD32001A6F4B /* ExerciseInfoResponse.swift */; };
		5B145CC32892FEFD001A6F4B /* ExerciseDetailViewModel.swift in Sources */ = {isa = PBXBuildFile; fileRef = 5B145CC22892FEFD001A6F4B /* ExerciseDetailViewModel.swift */; };
		5B145CC528931537001A6F4B /* ExerciseVariationCollectionViewCell.swift in Sources */ = {isa = PBXBuildFile; fileRef = 5B145CC428931537001A6F4B /* ExerciseVariationCollectionViewCell.swift */; };
		5B145CC828941B3E001A6F4B /* Constants.swift in Sources */ = {isa = PBXBuildFile; fileRef = 5B145CC728941B3E001A6F4B /* Constants.swift */; };
		5B145CCA28943AE6001A6F4B /* SettingsViewController.swift in Sources */ = {isa = PBXBuildFile; fileRef = 5B145CC928943AE6001A6F4B /* SettingsViewController.swift */; };
		5B16B102288F149500AF42D9 /* AppDelegate.swift in Sources */ = {isa = PBXBuildFile; fileRef = 5B16B101288F149500AF42D9 /* AppDelegate.swift */; };
		5B16B104288F149500AF42D9 /* SceneDelegate.swift in Sources */ = {isa = PBXBuildFile; fileRef = 5B16B103288F149500AF42D9 /* SceneDelegate.swift */; };
		5B16B10B288F149700AF42D9 /* Assets.xcassets in Resources */ = {isa = PBXBuildFile; fileRef = 5B16B10A288F149700AF42D9 /* Assets.xcassets */; };
		5B16B10E288F149700AF42D9 /* LaunchScreen.storyboard in Resources */ = {isa = PBXBuildFile; fileRef = 5B16B10C288F149700AF42D9 /* LaunchScreen.storyboard */; };
		5B16B118288F169D00AF42D9 /* HomeViewController.swift in Sources */ = {isa = PBXBuildFile; fileRef = 5B16B117288F169D00AF42D9 /* HomeViewController.swift */; };
		5B16B128289032BC00AF42D9 /* BaseAPI.swift in Sources */ = {isa = PBXBuildFile; fileRef = 5B16B127289032BC00AF42D9 /* BaseAPI.swift */; };
		5B16B12A289032D900AF42D9 /* TargetType.swift in Sources */ = {isa = PBXBuildFile; fileRef = 5B16B129289032D900AF42D9 /* TargetType.swift */; };
		5B16B12C2890330200AF42D9 /* BaseResponse.swift in Sources */ = {isa = PBXBuildFile; fileRef = 5B16B12B2890330200AF42D9 /* BaseResponse.swift */; };
		5B16B12E289033A200AF42D9 /* ExercisesAPI.swift in Sources */ = {isa = PBXBuildFile; fileRef = 5B16B12D289033A200AF42D9 /* ExercisesAPI.swift */; };
		5B16B130289033C900AF42D9 /* ExercisesNetworking.swift in Sources */ = {isa = PBXBuildFile; fileRef = 5B16B12F289033C900AF42D9 /* ExercisesNetworking.swift */; };
		5B16B134289049D700AF42D9 /* ExerciseResponse.swift in Sources */ = {isa = PBXBuildFile; fileRef = 5B16B133289049D700AF42D9 /* ExerciseResponse.swift */; };
		5B16B13828904FC800AF42D9 /* ExerciseViewModel.swift in Sources */ = {isa = PBXBuildFile; fileRef = 5B16B13728904FC800AF42D9 /* ExerciseViewModel.swift */; };
		5B16B13B28905FDB00AF42D9 /* ExerciseTableViewCell.swift in Sources */ = {isa = PBXBuildFile; fileRef = 5B16B13A28905FDB00AF42D9 /* ExerciseTableViewCell.swift */; };
		5B16B13D2890687800AF42D9 /* ExcerciseImagesResponse.swift in Sources */ = {isa = PBXBuildFile; fileRef = 5B16B13C2890687800AF42D9 /* ExcerciseImagesResponse.swift */; };
		5B16B140289068EA00AF42D9 /* ExerciseImageAPI.swift in Sources */ = {isa = PBXBuildFile; fileRef = 5B16B13F289068EA00AF42D9 /* ExerciseImageAPI.swift */; };
		5B16B142289068F900AF42D9 /* ExerciseImageNetworking.swift in Sources */ = {isa = PBXBuildFile; fileRef = 5B16B141289068F900AF42D9 /* ExerciseImageNetworking.swift */; };
		5B16B1442891D63100AF42D9 /* HomeModel.swift in Sources */ = {isa = PBXBuildFile; fileRef = 5B16B1432891D63000AF42D9 /* HomeModel.swift */; };
		5B16B1462892177F00AF42D9 /* ExerciseHeaderView.swift in Sources */ = {isa = PBXBuildFile; fileRef = 5B16B1452892177F00AF42D9 /* ExerciseHeaderView.swift */; };
		5B16B14828921CC000AF42D9 /* ExerciseDetailViewController.swift in Sources */ = {isa = PBXBuildFile; fileRef = 5B16B14728921CC000AF42D9 /* ExerciseDetailViewController.swift */; };
		5B16B14A2892229100AF42D9 /* ExerciseImageCollectionViewCell.swift in Sources */ = {isa = PBXBuildFile; fileRef = 5B16B1492892229100AF42D9 /* ExerciseImageCollectionViewCell.swift */; };
		5B55587528943D2F00102E87 /* Localizable.strings in Resources */ = {isa = PBXBuildFile; fileRef = 5B55587728943D2F00102E87 /* Localizable.strings */; };
		5B55587C28943D8300102E87 /* String+Extension.swift in Sources */ = {isa = PBXBuildFile; fileRef = 5B55587B28943D8300102E87 /* String+Extension.swift */; };
		5B55587F28945D4300102E87 /* UIColor+Extension.swift in Sources */ = {isa = PBXBuildFile; fileRef = 5B55587E28945D4300102E87 /* UIColor+Extension.swift */; };
		5B5558812894635D00102E87 /* UIView+Extension.swift in Sources */ = {isa = PBXBuildFile; fileRef = 5B5558802894635D00102E87 /* UIView+Extension.swift */; };
/* End PBXBuildFile section */

/* Begin PBXFileReference section */
		3B987B537A5AC09F2F60DAD0 /* Pods-BFit.release.xcconfig */ = {isa = PBXFileReference; includeInIndex = 1; lastKnownFileType = text.xcconfig; name = "Pods-BFit.release.xcconfig"; path = "Target Support Files/Pods-BFit/Pods-BFit.release.xcconfig"; sourceTree = "<group>"; };
		5B145CBC2892FC70001A6F4B /* ExerciseInfoAPI.swift */ = {isa = PBXFileReference; lastKnownFileType = sourcecode.swift; path = ExerciseInfoAPI.swift; sourceTree = "<group>"; };
		5B145CBE2892FC82001A6F4B /* ExerciseInfoNetworking.swift */ = {isa = PBXFileReference; lastKnownFileType = sourcecode.swift; path = ExerciseInfoNetworking.swift; sourceTree = "<group>"; };
		5B145CC02892FD32001A6F4B /* ExerciseInfoResponse.swift */ = {isa = PBXFileReference; lastKnownFileType = sourcecode.swift; path = ExerciseInfoResponse.swift; sourceTree = "<group>"; };
		5B145CC22892FEFD001A6F4B /* ExerciseDetailViewModel.swift */ = {isa = PBXFileReference; lastKnownFileType = sourcecode.swift; path = ExerciseDetailViewModel.swift; sourceTree = "<group>"; };
		5B145CC428931537001A6F4B /* ExerciseVariationCollectionViewCell.swift */ = {isa = PBXFileReference; lastKnownFileType = sourcecode.swift; path = ExerciseVariationCollectionViewCell.swift; sourceTree = "<group>"; };
		5B145CC728941B3E001A6F4B /* Constants.swift */ = {isa = PBXFileReference; lastKnownFileType = sourcecode.swift; path = Constants.swift; sourceTree = "<group>"; };
		5B145CC928943AE6001A6F4B /* SettingsViewController.swift */ = {isa = PBXFileReference; lastKnownFileType = sourcecode.swift; path = SettingsViewController.swift; sourceTree = "<group>"; };
		5B16B0FE288F149500AF42D9 /* BFit.app */ = {isa = PBXFileReference; explicitFileType = wrapper.application; includeInIndex = 0; path = BFit.app; sourceTree = BUILT_PRODUCTS_DIR; };
		5B16B101288F149500AF42D9 /* AppDelegate.swift */ = {isa = PBXFileReference; lastKnownFileType = sourcecode.swift; path = AppDelegate.swift; sourceTree = "<group>"; };
		5B16B103288F149500AF42D9 /* SceneDelegate.swift */ = {isa = PBXFileReference; lastKnownFileType = sourcecode.swift; path = SceneDelegate.swift; sourceTree = "<group>"; };
		5B16B10A288F149700AF42D9 /* Assets.xcassets */ = {isa = PBXFileReference; lastKnownFileType = folder.assetcatalog; path = Assets.xcassets; sourceTree = "<group>"; };
		5B16B10D288F149700AF42D9 /* Base */ = {isa = PBXFileReference; lastKnownFileType = file.storyboard; name = Base; path = Base.lproj/LaunchScreen.storyboard; sourceTree = "<group>"; };
		5B16B10F288F149700AF42D9 /* Info.plist */ = {isa = PBXFileReference; lastKnownFileType = text.plist.xml; path = Info.plist; sourceTree = "<group>"; };
		5B16B117288F169D00AF42D9 /* HomeViewController.swift */ = {isa = PBXFileReference; lastKnownFileType = sourcecode.swift; path = HomeViewController.swift; sourceTree = "<group>"; };
		5B16B127289032BC00AF42D9 /* BaseAPI.swift */ = {isa = PBXFileReference; lastKnownFileType = sourcecode.swift; path = BaseAPI.swift; sourceTree = "<group>"; };
		5B16B129289032D900AF42D9 /* TargetType.swift */ = {isa = PBXFileReference; lastKnownFileType = sourcecode.swift; path = TargetType.swift; sourceTree = "<group>"; };
		5B16B12B2890330200AF42D9 /* BaseResponse.swift */ = {isa = PBXFileReference; lastKnownFileType = sourcecode.swift; path = BaseResponse.swift; sourceTree = "<group>"; };
		5B16B12D289033A200AF42D9 /* ExercisesAPI.swift */ = {isa = PBXFileReference; lastKnownFileType = sourcecode.swift; path = ExercisesAPI.swift; sourceTree = "<group>"; };
		5B16B12F289033C900AF42D9 /* ExercisesNetworking.swift */ = {isa = PBXFileReference; lastKnownFileType = sourcecode.swift; path = ExercisesNetworking.swift; sourceTree = "<group>"; };
		5B16B133289049D700AF42D9 /* ExerciseResponse.swift */ = {isa = PBXFileReference; lastKnownFileType = sourcecode.swift; path = ExerciseResponse.swift; sourceTree = "<group>"; };
		5B16B13728904FC800AF42D9 /* ExerciseViewModel.swift */ = {isa = PBXFileReference; lastKnownFileType = sourcecode.swift; path = ExerciseViewModel.swift; sourceTree = "<group>"; };
		5B16B13A28905FDB00AF42D9 /* ExerciseTableViewCell.swift */ = {isa = PBXFileReference; lastKnownFileType = sourcecode.swift; path = ExerciseTableViewCell.swift; sourceTree = "<group>"; };
		5B16B13C2890687800AF42D9 /* ExcerciseImagesResponse.swift */ = {isa = PBXFileReference; lastKnownFileType = sourcecode.swift; path = ExcerciseImagesResponse.swift; sourceTree = "<group>"; };
		5B16B13F289068EA00AF42D9 /* ExerciseImageAPI.swift */ = {isa = PBXFileReference; lastKnownFileType = sourcecode.swift; path = ExerciseImageAPI.swift; sourceTree = "<group>"; };
		5B16B141289068F900AF42D9 /* ExerciseImageNetworking.swift */ = {isa = PBXFileReference; lastKnownFileType = sourcecode.swift; path = ExerciseImageNetworking.swift; sourceTree = "<group>"; };
		5B16B1432891D63000AF42D9 /* HomeModel.swift */ = {isa = PBXFileReference; lastKnownFileType = sourcecode.swift; path = HomeModel.swift; sourceTree = "<group>"; };
		5B16B1452892177F00AF42D9 /* ExerciseHeaderView.swift */ = {isa = PBXFileReference; lastKnownFileType = sourcecode.swift; path = ExerciseHeaderView.swift; sourceTree = "<group>"; };
		5B16B14728921CC000AF42D9 /* ExerciseDetailViewController.swift */ = {isa = PBXFileReference; lastKnownFileType = sourcecode.swift; path = ExerciseDetailViewController.swift; sourceTree = "<group>"; };
		5B16B1492892229100AF42D9 /* ExerciseImageCollectionViewCell.swift */ = {isa = PBXFileReference; lastKnownFileType = sourcecode.swift; path = ExerciseImageCollectionViewCell.swift; sourceTree = "<group>"; };
		5B55587028943CB700102E87 /* de */ = {isa = PBXFileReference; lastKnownFileType = text.plist.strings; name = de; path = de.lproj/LaunchScreen.strings; sourceTree = "<group>"; };
		5B55587628943D2F00102E87 /* en */ = {isa = PBXFileReference; lastKnownFileType = text.plist.strings; name = en; path = en.lproj/Localizable.strings; sourceTree = "<group>"; };
		5B55587928943D3200102E87 /* de */ = {isa = PBXFileReference; lastKnownFileType = text.plist.strings; name = de; path = de.lproj/Localizable.strings; sourceTree = "<group>"; };
		5B55587B28943D8300102E87 /* String+Extension.swift */ = {isa = PBXFileReference; lastKnownFileType = sourcecode.swift; path = "String+Extension.swift"; sourceTree = "<group>"; };
		5B55587E28945D4300102E87 /* UIColor+Extension.swift */ = {isa = PBXFileReference; lastKnownFileType = sourcecode.swift; path = "UIColor+Extension.swift"; sourceTree = "<group>"; };
		5B5558802894635D00102E87 /* UIView+Extension.swift */ = {isa = PBXFileReference; lastKnownFileType = sourcecode.swift; path = "UIView+Extension.swift"; sourceTree = "<group>"; };
		9AFD0CE79DFA57C43AE6F0DD /* Pods-BFit.debug.xcconfig */ = {isa = PBXFileReference; includeInIndex = 1; lastKnownFileType = text.xcconfig; name = "Pods-BFit.debug.xcconfig"; path = "Target Support Files/Pods-BFit/Pods-BFit.debug.xcconfig"; sourceTree = "<group>"; };
		CEA92050C8DACEB3A8BDED1E /* Pods_BFit.framework */ = {isa = PBXFileReference; explicitFileType = wrapper.framework; includeInIndex = 0; path = Pods_BFit.framework; sourceTree = BUILT_PRODUCTS_DIR; };
/* End PBXFileReference section */

/* Begin PBXFrameworksBuildPhase section */
		5B16B0FB288F149500AF42D9 /* Frameworks */ = {
			isa = PBXFrameworksBuildPhase;
			buildActionMask = 2147483647;
			files = (
				0B718D59BF2369E2B958951D /* Pods_BFit.framework in Frameworks */,
			);
			runOnlyForDeploymentPostprocessing = 0;
		};
/* End PBXFrameworksBuildPhase section */

/* Begin PBXGroup section */
		3316FBBC5F1020EAD02C12AD /* Frameworks */ = {
			isa = PBXGroup;
			children = (
				CEA92050C8DACEB3A8BDED1E /* Pods_BFit.framework */,
			);
			name = Frameworks;
			sourceTree = "<group>";
		};
		5B145CBB2892FC57001A6F4B /* ExerciseInfo */ = {
			isa = PBXGroup;
			children = (
				5B145CBC2892FC70001A6F4B /* ExerciseInfoAPI.swift */,
				5B145CBE2892FC82001A6F4B /* ExerciseInfoNetworking.swift */,
			);
			path = ExerciseInfo;
			sourceTree = "<group>";
		};
		5B145CC628941ADF001A6F4B /* Utilities */ = {
			isa = PBXGroup;
			children = (
				5B145CC728941B3E001A6F4B /* Constants.swift */,
				5B55587D28943D8800102E87 /* Extensions */,
				5B55587A28943D3800102E87 /* Localization */,
			);
			path = Utilities;
			sourceTree = "<group>";
		};
		5B16B0F5288F149500AF42D9 = {
			isa = PBXGroup;
			children = (
				5B16B100288F149500AF42D9 /* BFit */,
				5B16B0FF288F149500AF42D9 /* Products */,
				B7E9232F8A3B4612CE2D63E6 /* Pods */,
				3316FBBC5F1020EAD02C12AD /* Frameworks */,
			);
			sourceTree = "<group>";
		};
		5B16B0FF288F149500AF42D9 /* Products */ = {
			isa = PBXGroup;
			children = (
				5B16B0FE288F149500AF42D9 /* BFit.app */,
			);
			name = Products;
			sourceTree = "<group>";
		};
		5B16B100288F149500AF42D9 /* BFit */ = {
			isa = PBXGroup;
			children = (
				5B145CC628941ADF001A6F4B /* Utilities */,
				5B16B131289049A800AF42D9 /* Models */,
				5B16B1242890325F00AF42D9 /* NetworkLayer */,
				5B16B115288F167100AF42D9 /* Views */,
				5B16B13528904F9600AF42D9 /* ViewModels */,
				5B16B101288F149500AF42D9 /* AppDelegate.swift */,
				5B16B103288F149500AF42D9 /* SceneDelegate.swift */,
				5B16B10A288F149700AF42D9 /* Assets.xcassets */,
				5B16B10C288F149700AF42D9 /* LaunchScreen.storyboard */,
				5B16B10F288F149700AF42D9 /* Info.plist */,
			);
			path = BFit;
			sourceTree = "<group>";
		};
		5B16B115288F167100AF42D9 /* Views */ = {
			isa = PBXGroup;
			children = (
				5B16B13928905F8300AF42D9 /* CustomViews */,
				5B16B116288F168000AF42D9 /* Controllers */,
			);
			path = Views;
			sourceTree = "<group>";
		};
		5B16B116288F168000AF42D9 /* Controllers */ = {
			isa = PBXGroup;
			children = (
				5B16B117288F169D00AF42D9 /* HomeViewController.swift */,
				5B16B14728921CC000AF42D9 /* ExerciseDetailViewController.swift */,
				5B145CC928943AE6001A6F4B /* SettingsViewController.swift */,
			);
			path = Controllers;
			sourceTree = "<group>";
		};
		5B16B1242890325F00AF42D9 /* NetworkLayer */ = {
			isa = PBXGroup;
			children = (
				5B145CBB2892FC57001A6F4B /* ExerciseInfo */,
				5B16B13E289068CD00AF42D9 /* ExerciseImage */,
				5B16B1262890327500AF42D9 /* Exercises */,
				5B16B1252890326E00AF42D9 /* Base */,
			);
			path = NetworkLayer;
			sourceTree = "<group>";
		};
		5B16B1252890326E00AF42D9 /* Base */ = {
			isa = PBXGroup;
			children = (
				5B16B127289032BC00AF42D9 /* BaseAPI.swift */,
				5B16B129289032D900AF42D9 /* TargetType.swift */,
				5B16B12B2890330200AF42D9 /* BaseResponse.swift */,
			);
			path = Base;
			sourceTree = "<group>";
		};
		5B16B1262890327500AF42D9 /* Exercises */ = {
			isa = PBXGroup;
			children = (
				5B16B12D289033A200AF42D9 /* ExercisesAPI.swift */,
				5B16B12F289033C900AF42D9 /* ExercisesNetworking.swift */,
			);
			path = Exercises;
			sourceTree = "<group>";
		};
		5B16B131289049A800AF42D9 /* Models */ = {
			isa = PBXGroup;
			children = (
				5B16B133289049D700AF42D9 /* ExerciseResponse.swift */,
				5B16B13C2890687800AF42D9 /* ExcerciseImagesResponse.swift */,
				5B145CC02892FD32001A6F4B /* ExerciseInfoResponse.swift */,
				5B16B1432891D63000AF42D9 /* HomeModel.swift */,
			);
			path = Models;
			sourceTree = "<group>";
		};
		5B16B13528904F9600AF42D9 /* ViewModels */ = {
			isa = PBXGroup;
			children = (
				5B16B13728904FC800AF42D9 /* ExerciseViewModel.swift */,
				5B145CC22892FEFD001A6F4B /* ExerciseDetailViewModel.swift */,
			);
			path = ViewModels;
			sourceTree = "<group>";
		};
		5B16B13928905F8300AF42D9 /* CustomViews */ = {
			isa = PBXGroup;
			children = (
				5B16B1452892177F00AF42D9 /* ExerciseHeaderView.swift */,
				5B16B14B289222A500AF42D9 /* Cells */,
			);
			path = CustomViews;
			sourceTree = "<group>";
		};
		5B16B13E289068CD00AF42D9 /* ExerciseImage */ = {
			isa = PBXGroup;
			children = (
				5B16B13F289068EA00AF42D9 /* ExerciseImageAPI.swift */,
				5B16B141289068F900AF42D9 /* ExerciseImageNetworking.swift */,
			);
			path = ExerciseImage;
			sourceTree = "<group>";
		};
		5B16B14B289222A500AF42D9 /* Cells */ = {
			isa = PBXGroup;
			children = (
				5B16B13A28905FDB00AF42D9 /* ExerciseTableViewCell.swift */,
				5B16B1492892229100AF42D9 /* ExerciseImageCollectionViewCell.swift */,
				5B145CC428931537001A6F4B /* ExerciseVariationCollectionViewCell.swift */,
			);
			path = Cells;
			sourceTree = "<group>";
		};
		5B55587A28943D3800102E87 /* Localization */ = {
			isa = PBXGroup;
			children = (
				5B55587728943D2F00102E87 /* Localizable.strings */,
			);
			path = Localization;
			sourceTree = "<group>";
		};
		5B55587D28943D8800102E87 /* Extensions */ = {
			isa = PBXGroup;
			children = (
				5B55587E28945D4300102E87 /* UIColor+Extension.swift */,
				5B55587B28943D8300102E87 /* String+Extension.swift */,
				5B5558802894635D00102E87 /* UIView+Extension.swift */,
			);
			path = Extensions;
			sourceTree = "<group>";
		};
		B7E9232F8A3B4612CE2D63E6 /* Pods */ = {
			isa = PBXGroup;
			children = (
				9AFD0CE79DFA57C43AE6F0DD /* Pods-BFit.debug.xcconfig */,
				3B987B537A5AC09F2F60DAD0 /* Pods-BFit.release.xcconfig */,
			);
			path = Pods;
			sourceTree = "<group>";
		};
/* End PBXGroup section */

/* Begin PBXNativeTarget section */
		5B16B0FD288F149500AF42D9 /* BFit */ = {
			isa = PBXNativeTarget;
			buildConfigurationList = 5B16B112288F149700AF42D9 /* Build configuration list for PBXNativeTarget "BFit" */;
			buildPhases = (
				71332F4B725270F7D0056AFB /* [CP] Check Pods Manifest.lock */,
				5B16B0FA288F149500AF42D9 /* Sources */,
				5B16B0FB288F149500AF42D9 /* Frameworks */,
				5B16B0FC288F149500AF42D9 /* Resources */,
				6C384740640F17794B976795 /* [CP] Embed Pods Frameworks */,
			);
			buildRules = (
			);
			dependencies = (
			);
			name = BFit;
			productName = BFit;
			productReference = 5B16B0FE288F149500AF42D9 /* BFit.app */;
			productType = "com.apple.product-type.application";
		};
/* End PBXNativeTarget section */

/* Begin PBXProject section */
		5B16B0F6288F149500AF42D9 /* Project object */ = {
			isa = PBXProject;
			attributes = {
				BuildIndependentTargetsInParallel = 1;
				LastSwiftUpdateCheck = 1320;
				LastUpgradeCheck = 1320;
				TargetAttributes = {
					5B16B0FD288F149500AF42D9 = {
						CreatedOnToolsVersion = 13.2.1;
					};
				};
			};
			buildConfigurationList = 5B16B0F9288F149500AF42D9 /* Build configuration list for PBXProject "BFit" */;
			compatibilityVersion = "Xcode 13.0";
			developmentRegion = en;
			hasScannedForEncodings = 0;
			knownRegions = (
				en,
				Base,
				de,
			);
			mainGroup = 5B16B0F5288F149500AF42D9;
			productRefGroup = 5B16B0FF288F149500AF42D9 /* Products */;
			projectDirPath = "";
			projectRoot = "";
			targets = (
				5B16B0FD288F149500AF42D9 /* BFit */,
			);
		};
/* End PBXProject section */

/* Begin PBXResourcesBuildPhase section */
		5B16B0FC288F149500AF42D9 /* Resources */ = {
			isa = PBXResourcesBuildPhase;
			buildActionMask = 2147483647;
			files = (
				5B16B10E288F149700AF42D9 /* LaunchScreen.storyboard in Resources */,
				5B55587528943D2F00102E87 /* Localizable.strings in Resources */,
				5B16B10B288F149700AF42D9 /* Assets.xcassets in Resources */,
			);
			runOnlyForDeploymentPostprocessing = 0;
		};
/* End PBXResourcesBuildPhase section */

/* Begin PBXShellScriptBuildPhase section */
		6C384740640F17794B976795 /* [CP] Embed Pods Frameworks */ = {
			isa = PBXShellScriptBuildPhase;
			buildActionMask = 2147483647;
			files = (
			);
			inputFileListPaths = (
				"${PODS_ROOT}/Target Support Files/Pods-BFit/Pods-BFit-frameworks-${CONFIGURATION}-input-files.xcfilelist",
			);
			name = "[CP] Embed Pods Frameworks";
			outputFileListPaths = (
				"${PODS_ROOT}/Target Support Files/Pods-BFit/Pods-BFit-frameworks-${CONFIGURATION}-output-files.xcfilelist",
			);
			runOnlyForDeploymentPostprocessing = 0;
			shellPath = /bin/sh;
			shellScript = "\"${PODS_ROOT}/Target Support Files/Pods-BFit/Pods-BFit-frameworks.sh\"\n";
			showEnvVarsInLog = 0;
		};
		71332F4B725270F7D0056AFB /* [CP] Check Pods Manifest.lock */ = {
			isa = PBXShellScriptBuildPhase;
			buildActionMask = 2147483647;
			files = (
			);
			inputFileListPaths = (
			);
			inputPaths = (
				"${PODS_PODFILE_DIR_PATH}/Podfile.lock",
				"${PODS_ROOT}/Manifest.lock",
			);
			name = "[CP] Check Pods Manifest.lock";
			outputFileListPaths = (
			);
			outputPaths = (
				"$(DERIVED_FILE_DIR)/Pods-BFit-checkManifestLockResult.txt",
			);
			runOnlyForDeploymentPostprocessing = 0;
			shellPath = /bin/sh;
			shellScript = "diff \"${PODS_PODFILE_DIR_PATH}/Podfile.lock\" \"${PODS_ROOT}/Manifest.lock\" > /dev/null\nif [ $? != 0 ] ; then\n    # print error to STDERR\n    echo \"error: The sandbox is not in sync with the Podfile.lock. Run 'pod install' or update your CocoaPods installation.\" >&2\n    exit 1\nfi\n# This output is used by Xcode 'outputs' to avoid re-running this script phase.\necho \"SUCCESS\" > \"${SCRIPT_OUTPUT_FILE_0}\"\n";
			showEnvVarsInLog = 0;
		};
/* End PBXShellScriptBuildPhase section */

/* Begin PBXSourcesBuildPhase section */
		5B16B0FA288F149500AF42D9 /* Sources */ = {
			isa = PBXSourcesBuildPhase;
			buildActionMask = 2147483647;
			files = (
				5B55587C28943D8300102E87 /* String+Extension.swift in Sources */,
				5B16B134289049D700AF42D9 /* ExerciseResponse.swift in Sources */,
				5B16B12A289032D900AF42D9 /* TargetType.swift in Sources */,
				5B55587F28945D4300102E87 /* UIColor+Extension.swift in Sources */,
				5B16B13B28905FDB00AF42D9 /* ExerciseTableViewCell.swift in Sources */,
				5B16B102288F149500AF42D9 /* AppDelegate.swift in Sources */,
				5B16B128289032BC00AF42D9 /* BaseAPI.swift in Sources */,
				5B16B12C2890330200AF42D9 /* BaseResponse.swift in Sources */,
				5B16B140289068EA00AF42D9 /* ExerciseImageAPI.swift in Sources */,
				5B16B104288F149500AF42D9 /* SceneDelegate.swift in Sources */,
				5B145CCA28943AE6001A6F4B /* SettingsViewController.swift in Sources */,
				5B16B14A2892229100AF42D9 /* ExerciseImageCollectionViewCell.swift in Sources */,
				5B145CC12892FD32001A6F4B /* ExerciseInfoResponse.swift in Sources */,
				5B16B1442891D63100AF42D9 /* HomeModel.swift in Sources */,
				5B145CBD2892FC70001A6F4B /* ExerciseInfoAPI.swift in Sources */,
				5B16B13828904FC800AF42D9 /* ExerciseViewModel.swift in Sources */,
				5B16B142289068F900AF42D9 /* ExerciseImageNetworking.swift in Sources */,
				5B16B13D2890687800AF42D9 /* ExcerciseImagesResponse.swift in Sources */,
				5B145CC32892FEFD001A6F4B /* ExerciseDetailViewModel.swift in Sources */,
				5B16B14828921CC000AF42D9 /* ExerciseDetailViewController.swift in Sources */,
				5B16B12E289033A200AF42D9 /* ExercisesAPI.swift in Sources */,
				5B16B118288F169D00AF42D9 /* HomeViewController.swift in Sources */,
				5B5558812894635D00102E87 /* UIView+Extension.swift in Sources */,
				5B16B130289033C900AF42D9 /* ExercisesNetworking.swift in Sources */,
				5B16B1462892177F00AF42D9 /* ExerciseHeaderView.swift in Sources */,
				5B145CBF2892FC82001A6F4B /* ExerciseInfoNetworking.swift in Sources */,
				5B145CC528931537001A6F4B /* ExerciseVariationCollectionViewCell.swift in Sources */,
				5B145CC828941B3E001A6F4B /* Constants.swift in Sources */,
			);
			runOnlyForDeploymentPostprocessing = 0;
		};
/* End PBXSourcesBuildPhase section */

/* Begin PBXVariantGroup section */
		5B16B10C288F149700AF42D9 /* LaunchScreen.storyboard */ = {
			isa = PBXVariantGroup;
			children = (
				5B16B10D288F149700AF42D9 /* Base */,
				5B55587028943CB700102E87 /* de */,
			);
			name = LaunchScreen.storyboard;
			sourceTree = "<group>";
		};
		5B55587728943D2F00102E87 /* Localizable.strings */ = {
			isa = PBXVariantGroup;
			children = (
				5B55587628943D2F00102E87 /* en */,
				5B55587928943D3200102E87 /* de */,
			);
			name = Localizable.strings;
			sourceTree = "<group>";
		};
/* End PBXVariantGroup section */

/* Begin XCBuildConfiguration section */
		5B16B110288F149700AF42D9 /* Debug */ = {
			isa = XCBuildConfiguration;
			buildSettings = {
				ALWAYS_SEARCH_USER_PATHS = NO;
				CLANG_ANALYZER_LOCALIZABILITY_NONLOCALIZED = YES;
				CLANG_ANALYZER_NONNULL = YES;
				CLANG_ANALYZER_NUMBER_OBJECT_CONVERSION = YES_AGGRESSIVE;
				CLANG_CXX_LANGUAGE_STANDARD = "gnu++17";
				CLANG_CXX_LIBRARY = "libc++";
				CLANG_ENABLE_MODULES = YES;
				CLANG_ENABLE_OBJC_ARC = YES;
				CLANG_ENABLE_OBJC_WEAK = YES;
				CLANG_WARN_BLOCK_CAPTURE_AUTORELEASING = YES;
				CLANG_WARN_BOOL_CONVERSION = YES;
				CLANG_WARN_COMMA = YES;
				CLANG_WARN_CONSTANT_CONVERSION = YES;
				CLANG_WARN_DEPRECATED_OBJC_IMPLEMENTATIONS = YES;
				CLANG_WARN_DIRECT_OBJC_ISA_USAGE = YES_ERROR;
				CLANG_WARN_DOCUMENTATION_COMMENTS = YES;
				CLANG_WARN_EMPTY_BODY = YES;
				CLANG_WARN_ENUM_CONVERSION = YES;
				CLANG_WARN_INFINITE_RECURSION = YES;
				CLANG_WARN_INT_CONVERSION = YES;
				CLANG_WARN_NON_LITERAL_NULL_CONVERSION = YES;
				CLANG_WARN_OBJC_IMPLICIT_RETAIN_SELF = YES;
				CLANG_WARN_OBJC_LITERAL_CONVERSION = YES;
				CLANG_WARN_OBJC_ROOT_CLASS = YES_ERROR;
				CLANG_WARN_QUOTED_INCLUDE_IN_FRAMEWORK_HEADER = YES;
				CLANG_WARN_RANGE_LOOP_ANALYSIS = YES;
				CLANG_WARN_STRICT_PROTOTYPES = YES;
				CLANG_WARN_SUSPICIOUS_MOVE = YES;
				CLANG_WARN_UNGUARDED_AVAILABILITY = YES_AGGRESSIVE;
				CLANG_WARN_UNREACHABLE_CODE = YES;
				CLANG_WARN__DUPLICATE_METHOD_MATCH = YES;
				COPY_PHASE_STRIP = NO;
				DEBUG_INFORMATION_FORMAT = dwarf;
				ENABLE_STRICT_OBJC_MSGSEND = YES;
				ENABLE_TESTABILITY = YES;
				GCC_C_LANGUAGE_STANDARD = gnu11;
				GCC_DYNAMIC_NO_PIC = NO;
				GCC_NO_COMMON_BLOCKS = YES;
				GCC_OPTIMIZATION_LEVEL = 0;
				GCC_PREPROCESSOR_DEFINITIONS = (
					"DEBUG=1",
					"$(inherited)",
				);
				GCC_WARN_64_TO_32_BIT_CONVERSION = YES;
				GCC_WARN_ABOUT_RETURN_TYPE = YES_ERROR;
				GCC_WARN_UNDECLARED_SELECTOR = YES;
				GCC_WARN_UNINITIALIZED_AUTOS = YES_AGGRESSIVE;
				GCC_WARN_UNUSED_FUNCTION = YES;
				GCC_WARN_UNUSED_VARIABLE = YES;
				IPHONEOS_DEPLOYMENT_TARGET = 15.2;
				MTL_ENABLE_DEBUG_INFO = INCLUDE_SOURCE;
				MTL_FAST_MATH = YES;
				ONLY_ACTIVE_ARCH = YES;
				SDKROOT = iphoneos;
				SWIFT_ACTIVE_COMPILATION_CONDITIONS = DEBUG;
				SWIFT_OPTIMIZATION_LEVEL = "-Onone";
			};
			name = Debug;
		};
		5B16B111288F149700AF42D9 /* Release */ = {
			isa = XCBuildConfiguration;
			buildSettings = {
				ALWAYS_SEARCH_USER_PATHS = NO;
				CLANG_ANALYZER_LOCALIZABILITY_NONLOCALIZED = YES;
				CLANG_ANALYZER_NONNULL = YES;
				CLANG_ANALYZER_NUMBER_OBJECT_CONVERSION = YES_AGGRESSIVE;
				CLANG_CXX_LANGUAGE_STANDARD = "gnu++17";
				CLANG_CXX_LIBRARY = "libc++";
				CLANG_ENABLE_MODULES = YES;
				CLANG_ENABLE_OBJC_ARC = YES;
				CLANG_ENABLE_OBJC_WEAK = YES;
				CLANG_WARN_BLOCK_CAPTURE_AUTORELEASING = YES;
				CLANG_WARN_BOOL_CONVERSION = YES;
				CLANG_WARN_COMMA = YES;
				CLANG_WARN_CONSTANT_CONVERSION = YES;
				CLANG_WARN_DEPRECATED_OBJC_IMPLEMENTATIONS = YES;
				CLANG_WARN_DIRECT_OBJC_ISA_USAGE = YES_ERROR;
				CLANG_WARN_DOCUMENTATION_COMMENTS = YES;
				CLANG_WARN_EMPTY_BODY = YES;
				CLANG_WARN_ENUM_CONVERSION = YES;
				CLANG_WARN_INFINITE_RECURSION = YES;
				CLANG_WARN_INT_CONVERSION = YES;
				CLANG_WARN_NON_LITERAL_NULL_CONVERSION = YES;
				CLANG_WARN_OBJC_IMPLICIT_RETAIN_SELF = YES;
				CLANG_WARN_OBJC_LITERAL_CONVERSION = YES;
				CLANG_WARN_OBJC_ROOT_CLASS = YES_ERROR;
				CLANG_WARN_QUOTED_INCLUDE_IN_FRAMEWORK_HEADER = YES;
				CLANG_WARN_RANGE_LOOP_ANALYSIS = YES;
				CLANG_WARN_STRICT_PROTOTYPES = YES;
				CLANG_WARN_SUSPICIOUS_MOVE = YES;
				CLANG_WARN_UNGUARDED_AVAILABILITY = YES_AGGRESSIVE;
				CLANG_WARN_UNREACHABLE_CODE = YES;
				CLANG_WARN__DUPLICATE_METHOD_MATCH = YES;
				COPY_PHASE_STRIP = NO;
				DEBUG_INFORMATION_FORMAT = "dwarf-with-dsym";
				ENABLE_NS_ASSERTIONS = NO;
				ENABLE_STRICT_OBJC_MSGSEND = YES;
				GCC_C_LANGUAGE_STANDARD = gnu11;
				GCC_NO_COMMON_BLOCKS = YES;
				GCC_WARN_64_TO_32_BIT_CONVERSION = YES;
				GCC_WARN_ABOUT_RETURN_TYPE = YES_ERROR;
				GCC_WARN_UNDECLARED_SELECTOR = YES;
				GCC_WARN_UNINITIALIZED_AUTOS = YES_AGGRESSIVE;
				GCC_WARN_UNUSED_FUNCTION = YES;
				GCC_WARN_UNUSED_VARIABLE = YES;
				IPHONEOS_DEPLOYMENT_TARGET = 15.2;
				MTL_ENABLE_DEBUG_INFO = NO;
				MTL_FAST_MATH = YES;
				SDKROOT = iphoneos;
				SWIFT_COMPILATION_MODE = wholemodule;
				SWIFT_OPTIMIZATION_LEVEL = "-O";
				VALIDATE_PRODUCT = YES;
			};
			name = Release;
		};
		5B16B113288F149700AF42D9 /* Debug */ = {
			isa = XCBuildConfiguration;
			baseConfigurationReference = 9AFD0CE79DFA57C43AE6F0DD /* Pods-BFit.debug.xcconfig */;
			buildSettings = {
				ASSETCATALOG_COMPILER_APPICON_NAME = AppIcon;
				ASSETCATALOG_COMPILER_GLOBAL_ACCENT_COLOR_NAME = AccentColor;
				CODE_SIGN_STYLE = Automatic;
				CURRENT_PROJECT_VERSION = 1;
				GENERATE_INFOPLIST_FILE = YES;
				INFOPLIST_FILE = BFit/Info.plist;
				INFOPLIST_KEY_UIApplicationSupportsIndirectInputEvents = YES;
				INFOPLIST_KEY_UILaunchStoryboardName = LaunchScreen;
				INFOPLIST_KEY_UISupportedInterfaceOrientations_iPad = "UIInterfaceOrientationPortrait UIInterfaceOrientationPortraitUpsideDown UIInterfaceOrientationLandscapeLeft UIInterfaceOrientationLandscapeRight";
				INFOPLIST_KEY_UISupportedInterfaceOrientations_iPhone = "UIInterfaceOrientationPortrait UIInterfaceOrientationLandscapeLeft UIInterfaceOrientationLandscapeRight";
				IPHONEOS_DEPLOYMENT_TARGET = 14.0;
				LD_RUNPATH_SEARCH_PATHS = (
					"$(inherited)",
					"@executable_path/Frameworks",
				);
				MARKETING_VERSION = 1.0;
				PRODUCT_BUNDLE_IDENTIFIER = com.Fayq.BFit;
				PRODUCT_NAME = "$(TARGET_NAME)";
				SWIFT_EMIT_LOC_STRINGS = YES;
				SWIFT_VERSION = 5.0;
				TARGETED_DEVICE_FAMILY = "1,2";
			};
			name = Debug;
		};
		5B16B114288F149700AF42D9 /* Release */ = {
			isa = XCBuildConfiguration;
			baseConfigurationReference = 3B987B537A5AC09F2F60DAD0 /* Pods-BFit.release.xcconfig */;
			buildSettings = {
				ASSETCATALOG_COMPILER_APPICON_NAME = AppIcon;
				ASSETCATALOG_COMPILER_GLOBAL_ACCENT_COLOR_NAME = AccentColor;
				CODE_SIGN_STYLE = Automatic;
				CURRENT_PROJECT_VERSION = 1;
				GENERATE_INFOPLIST_FILE = YES;
				INFOPLIST_FILE = BFit/Info.plist;
				INFOPLIST_KEY_UIApplicationSupportsIndirectInputEvents = YES;
				INFOPLIST_KEY_UILaunchStoryboardName = LaunchScreen;
				INFOPLIST_KEY_UISupportedInterfaceOrientations_iPad = "UIInterfaceOrientationPortrait UIInterfaceOrientationPortraitUpsideDown UIInterfaceOrientationLandscapeLeft UIInterfaceOrientationLandscapeRight";
				INFOPLIST_KEY_UISupportedInterfaceOrientations_iPhone = "UIInterfaceOrientationPortrait UIInterfaceOrientationLandscapeLeft UIInterfaceOrientationLandscapeRight";
				IPHONEOS_DEPLOYMENT_TARGET = 14.0;
				LD_RUNPATH_SEARCH_PATHS = (
					"$(inherited)",
					"@executable_path/Frameworks",
				);
				MARKETING_VERSION = 1.0;
				PRODUCT_BUNDLE_IDENTIFIER = com.Fayq.BFit;
				PRODUCT_NAME = "$(TARGET_NAME)";
				SWIFT_EMIT_LOC_STRINGS = YES;
				SWIFT_VERSION = 5.0;
				TARGETED_DEVICE_FAMILY = "1,2";
			};
			name = Release;
		};
/* End XCBuildConfiguration section */

/* Begin XCConfigurationList section */
		5B16B0F9288F149500AF42D9 /* Build configuration list for PBXProject "BFit" */ = {
			isa = XCConfigurationList;
			buildConfigurations = (
				5B16B110288F149700AF42D9 /* Debug */,
				5B16B111288F149700AF42D9 /* Release */,
			);
			defaultConfigurationIsVisible = 0;
			defaultConfigurationName = Release;
		};
		5B16B112288F149700AF42D9 /* Build configuration list for PBXNativeTarget "BFit" */ = {
			isa = XCConfigurationList;
			buildConfigurations = (
				5B16B113288F149700AF42D9 /* Debug */,
				5B16B114288F149700AF42D9 /* Release */,
			);
			defaultConfigurationIsVisible = 0;
			defaultConfigurationName = Release;
		};
/* End XCConfigurationList section */
	};
	rootObject = 5B16B0F6288F149500AF42D9 /* Project object */;
}
